
Microsoft Visual Studio Solution File, Format Version 12.00
# Visual Studio Version 16
VisualStudioVersion = 16.0.28803.452
MinimumVisualStudioVersion = 10.0.40219.1
Project("{8BC9CEB8-8B4A-11D0-8D11-00A0C91BC942}") = "Sandbox", "Sandbox\Sandbox.vcxproj", "{7D934526-F884-4439-BF77-F544A301C2BA}"
EndProject
Project("{8BC9CEB8-8B4A-11D0-8D11-00A0C91BC942}") = "Oak", "Oak\Oak.vcxproj", "{12BE3786-2EF1-48F1-A621-D860AD6BE2A8}"
EndProject
Global
	GlobalSection(SolutionConfigurationPlatforms) = preSolution
		Debug|x64 = Debug|x64
		Release|x64 = Release|x64
	EndGlobalSection
	GlobalSection(ProjectConfigurationPlatforms) = postSolution
		{12BE3786-2EF1-48F1-A621-D860AD6BE2A8}.Debug|x64.ActiveCfg = Debug|x64
		{12BE3786-2EF1-48F1-A621-D860AD6BE2A8}.Debug|x64.Build.0 = Debug|x64
		{12BE3786-2EF1-48F1-A621-D860AD6BE2A8}.Release|x64.ActiveCfg = Release|x64
		{12BE3786-2EF1-48F1-A621-D860AD6BE2A8}.Release|x64.Build.0 = Release|x64
		{7D934526-F884-4439-BF77-F544A301C2BA}.Debug|x64.ActiveCfg = Debug|x64
		{7D934526-F884-4439-BF77-F544A301C2BA}.Debug|x64.Build.0 = Debug|x64
		{7D934526-F884-4439-BF77-F544A301C2BA}.Release|x64.ActiveCfg = Release|x64
		{7D934526-F884-4439-BF77-F544A301C2BA}.Release|x64.Build.0 = Release|x64
	EndGlobalSection
	GlobalSection(SolutionProperties) = preSolution
		HideSolutionNode = FALSE
	EndGlobalSection
	GlobalSection(ExtensibilityGlobals) = postSolution
		SolutionGuid = {7A406A69-9625-491C-B605-EE66CB0F0367}
	EndGlobalSection
EndGlobal
