<?xml version="1.0" encoding="utf-8"?>
<Project ToolsVersion="4.0" xmlns="http://schemas.microsoft.com/developer/msbuild/2003">
  <ItemGroup>
    <Filter Include="Oak">
      <UniqueIdentifier>{E00F880B-4C19-887C-D594-9E7C419D937C}</UniqueIdentifier>
    </Filter>
  </ItemGroup>
  <ItemGroup>
    <ClInclude Include="src\Oak.h" />
    <ClInclude Include="src\Oak\Application.h">
      <Filter>Oak</Filter>
    </ClInclude>
    <ClInclude Include="src\Oak\Core.h">
      <Filter>Oak</Filter>
    </ClInclude>
    <ClInclude Include="src\Oak\EntryPoint.h">
      <Filter>Oak</Filter>
    </ClInclude>
    <ClInclude Include="src\Oak\Log.h">
      <Filter>Oak</Filter>
    </ClInclude>
  </ItemGroup>
  <ItemGroup>
    <ClCompile Include="src\Oak\Application.cpp">
      <Filter>Oak</Filter>
    </ClCompile>
    <ClCompile Include="src\Oak\Log.cpp">
      <Filter>Oak</Filter>
    </ClCompile>
  </ItemGroup>
</Project>